
Microsoft Visual Studio Solution File, Format Version 12.00
# Visual Studio Version 16
VisualStudioVersion = 16.0.31729.503
MinimumVisualStudioVersion = 10.0.40219.1
Project("{F184B08F-C81C-45F6-A57F-5ABD9991F28F}") = "softinfo_project", "softinfo_project.vbproj", "{21DA24BC-4E00-49F0-8E5E-713C955F1B29}"
EndProject
Global
	GlobalSection(SolutionConfigurationPlatforms) = preSolution
		Debug|Any CPU = Debug|Any CPU
		Release|Any CPU = Release|Any CPU
	EndGlobalSection
	GlobalSection(ProjectConfigurationPlatforms) = postSolution
		{21DA24BC-4E00-49F0-8E5E-713C955F1B29}.Debug|Any CPU.ActiveCfg = Debug|Any CPU
		{21DA24BC-4E00-49F0-8E5E-713C955F1B29}.Debug|Any CPU.Build.0 = Debug|Any CPU
		{21DA24BC-4E00-49F0-8E5E-713C955F1B29}.Release|Any CPU.ActiveCfg = Release|Any CPU
		{21DA24BC-4E00-49F0-8E5E-713C955F1B29}.Release|Any CPU.Build.0 = Release|Any CPU
	EndGlobalSection
	GlobalSection(SolutionProperties) = preSolution
		HideSolutionNode = FALSE
	EndGlobalSection
	GlobalSection(ExtensibilityGlobals) = postSolution
		SolutionGuid = {B72BDC5E-1063-4E99-8154-4511F8CE88D3}
	EndGlobalSection
EndGlobal
